
Microsoft Visual Studio Solution File, Format Version 12.00
# Visual Studio 15
VisualStudioVersion = 15.0.28307.136
MinimumVisualStudioVersion = 10.0.40219.1
Project("{FAE04EC0-301F-11D3-BF4B-00C04F79EFBC}") = "CMSoftInventario", "CMSoftInventario\CMSoftInventario.csproj", "{A57047CB-BBC8-44B5-B7D5-F564C5C34812}"
EndProject
Global
	GlobalSection(SolutionConfigurationPlatforms) = preSolution
		Debug|Any CPU = Debug|Any CPU
		Release|Any CPU = Release|Any CPU
	EndGlobalSection
	GlobalSection(ProjectConfigurationPlatforms) = postSolution
		{A57047CB-BBC8-44B5-B7D5-F564C5C34812}.Debug|Any CPU.ActiveCfg = Debug|Any CPU
		{A57047CB-BBC8-44B5-B7D5-F564C5C34812}.Debug|Any CPU.Build.0 = Debug|Any CPU
		{A57047CB-BBC8-44B5-B7D5-F564C5C34812}.Debug|Any CPU.Deploy.0 = Debug|Any CPU
		{A57047CB-BBC8-44B5-B7D5-F564C5C34812}.Release|Any CPU.ActiveCfg = Release|Any CPU
		{A57047CB-BBC8-44B5-B7D5-F564C5C34812}.Release|Any CPU.Build.0 = Release|Any CPU
		{A57047CB-BBC8-44B5-B7D5-F564C5C34812}.Release|Any CPU.Deploy.0 = Release|Any CPU
	EndGlobalSection
	GlobalSection(SolutionProperties) = preSolution
		HideSolutionNode = FALSE
	EndGlobalSection
	GlobalSection(ExtensibilityGlobals) = postSolution
		SolutionGuid = {F494807A-D10C-47A9-A06D-E0C8E60AE45E}
	EndGlobalSection
	GlobalSection(TeamFoundationVersionControl) = preSolution
		SccNumberOfProjects = 2
		SccEnterpriseProvider = {4CA58AB2-18FA-4F8D-95D4-32DDF27D184C}
		SccTeamFoundationServer = https://aurus-ti.visualstudio.com/
		SccLocalPath0 = .
		SccProjectUniqueName1 = CMSoftInventario\\CMSoftInventario.csproj
		SccProjectName1 = CMSoftInventario
		SccLocalPath1 = CMSoftInventario
	EndGlobalSection
EndGlobal
